// !$*UTF8*$!
{
	archiveVersion = 1;
	classes = {
	};
	objectVersion = 46;
	objects = {

/* Begin PBXBuildFile section */
		2D6728A81F3F27B0000B2BEE /* CountdownTimerViewController.swift in Sources */ = {isa = PBXBuildFile; fileRef = 2D6728A31F3F27B0000B2BEE /* CountdownTimerViewController.swift */; };
		2D6728AA1F3F27B0000B2BEE /* LaunchScreen.storyboard in Resources */ = {isa = PBXBuildFile; fileRef = 2D6728A61F3F27B0000B2BEE /* LaunchScreen.storyboard */; };
		2D6728AB1F3F27B0000B2BEE /* Main.storyboard in Resources */ = {isa = PBXBuildFile; fileRef = 2D6728A71F3F27B0000B2BEE /* Main.storyboard */; };
		2D6728AD1F3F3753000B2BEE /* ScheduledTimerViewController.swift in Sources */ = {isa = PBXBuildFile; fileRef = 2D6728AC1F3F3753000B2BEE /* ScheduledTimerViewController.swift */; };
		2D6728C81F3F40FC000B2BEE /* PeriodicTimerViewController.swift in Sources */ = {isa = PBXBuildFile; fileRef = 2D6728C71F3F40FC000B2BEE /* PeriodicTimerViewController.swift */; };
		2D9454A71F0918890091BD6B /* AppDelegate.swift in Sources */ = {isa = PBXBuildFile; fileRef = 2D9454A61F0918890091BD6B /* AppDelegate.swift */; };
		2D9454AE1F0918890091BD6B /* Assets.xcassets in Resources */ = {isa = PBXBuildFile; fileRef = 2D9454AD1F0918890091BD6B /* Assets.xcassets */; };
/* End PBXBuildFile section */

/* Begin PBXContainerItemProxy section */
		2D9454971F09186B0091BD6B /* PBXContainerItemProxy */ = {
			isa = PBXContainerItemProxy;
			containerPortal = 2D9454901F09186B0091BD6B /* AsyncTimer.xcodeproj */;
			proxyType = 2;
			remoteGlobalIDString = 2DD9D5571EFAEABA005BFB68;
			remoteInfo = "AsyncTimer iOS";
		};
		2D9454991F09186B0091BD6B /* PBXContainerItemProxy */ = {
			isa = PBXContainerItemProxy;
			containerPortal = 2D9454901F09186B0091BD6B /* AsyncTimer.xcodeproj */;
			proxyType = 2;
			remoteGlobalIDString = 2DD9D5721EFAEB40005BFB68;
			remoteInfo = "AsyncTimer watchOS";
		};
		2D94549B1F09186B0091BD6B /* PBXContainerItemProxy */ = {
			isa = PBXContainerItemProxy;
			containerPortal = 2D9454901F09186B0091BD6B /* AsyncTimer.xcodeproj */;
			proxyType = 2;
			remoteGlobalIDString = 2DD9D57F1EFAEB59005BFB68;
			remoteInfo = "AsyncTimer tvOS";
		};
		2D94549D1F09186B0091BD6B /* PBXContainerItemProxy */ = {
			isa = PBXContainerItemProxy;
			containerPortal = 2D9454901F09186B0091BD6B /* AsyncTimer.xcodeproj */;
			proxyType = 2;
			remoteGlobalIDString = 2DD9D58C1EFAEB6A005BFB68;
			remoteInfo = "AsyncTimer macOS";
		};
		2D9454B61F091D4C0091BD6B /* PBXContainerItemProxy */ = {
			isa = PBXContainerItemProxy;
			containerPortal = 2D9454901F09186B0091BD6B /* AsyncTimer.xcodeproj */;
			proxyType = 1;
			remoteGlobalIDString = 2DD9D5561EFAEABA005BFB68;
			remoteInfo = "AsyncTimer iOS";
		};
/* End PBXContainerItemProxy section */

/* Begin PBXFileReference section */
		2D6728A31F3F27B0000B2BEE /* CountdownTimerViewController.swift */ = {isa = PBXFileReference; fileEncoding = 4; lastKnownFileType = sourcecode.swift; path = CountdownTimerViewController.swift; sourceTree = "<group>"; };
		2D6728A61F3F27B0000B2BEE /* LaunchScreen.storyboard */ = {isa = PBXFileReference; fileEncoding = 4; lastKnownFileType = file.storyboard; path = LaunchScreen.storyboard; sourceTree = "<group>"; };
		2D6728A71F3F27B0000B2BEE /* Main.storyboard */ = {isa = PBXFileReference; fileEncoding = 4; lastKnownFileType = file.storyboard; path = Main.storyboard; sourceTree = "<group>"; };
		2D6728AC1F3F3753000B2BEE /* ScheduledTimerViewController.swift */ = {isa = PBXFileReference; fileEncoding = 4; lastKnownFileType = sourcecode.swift; path = ScheduledTimerViewController.swift; sourceTree = "<group>"; };
		2D6728C71F3F40FC000B2BEE /* PeriodicTimerViewController.swift */ = {isa = PBXFileReference; fileEncoding = 4; lastKnownFileType = sourcecode.swift; path = PeriodicTimerViewController.swift; sourceTree = "<group>"; };
		2D9454901F09186B0091BD6B /* AsyncTimer.xcodeproj */ = {isa = PBXFileReference; lastKnownFileType = "wrapper.pb-project"; name = AsyncTimer.xcodeproj; path = ../AsyncTimer.xcodeproj; sourceTree = "<group>"; };
		2D9454A31F0918890091BD6B /* Example iOS.app */ = {isa = PBXFileReference; explicitFileType = wrapper.application; includeInIndex = 0; path = "Example iOS.app"; sourceTree = BUILT_PRODUCTS_DIR; };
		2D9454A61F0918890091BD6B /* AppDelegate.swift */ = {isa = PBXFileReference; lastKnownFileType = sourcecode.swift; path = AppDelegate.swift; sourceTree = "<group>"; };
		2D9454AD1F0918890091BD6B /* Assets.xcassets */ = {isa = PBXFileReference; lastKnownFileType = folder.assetcatalog; path = Assets.xcassets; sourceTree = "<group>"; };
		2D9454B21F0918890091BD6B /* Info.plist */ = {isa = PBXFileReference; lastKnownFileType = text.plist.xml; path = Info.plist; sourceTree = "<group>"; };
/* End PBXFileReference section */

/* Begin PBXFrameworksBuildPhase section */
		2D9454A01F0918890091BD6B /* Frameworks */ = {
			isa = PBXFrameworksBuildPhase;
			buildActionMask = 2147483647;
			files = (
			);
			runOnlyForDeploymentPostprocessing = 0;
		};
/* End PBXFrameworksBuildPhase section */

/* Begin PBXGroup section */
		2D6728A21F3F27B0000B2BEE /* Controllers */ = {
			isa = PBXGroup;
			children = (
				2D6728A31F3F27B0000B2BEE /* CountdownTimerViewController.swift */,
				2D6728AC1F3F3753000B2BEE /* ScheduledTimerViewController.swift */,
				2D6728C71F3F40FC000B2BEE /* PeriodicTimerViewController.swift */,
			);
			path = Controllers;
			sourceTree = "<group>";
		};
		2D6728A51F3F27B0000B2BEE /* Storyboards */ = {
			isa = PBXGroup;
			children = (
				2D6728A61F3F27B0000B2BEE /* LaunchScreen.storyboard */,
				2D6728A71F3F27B0000B2BEE /* Main.storyboard */,
			);
			path = Storyboards;
			sourceTree = "<group>";
		};
		2D9454891F09185D0091BD6B = {
			isa = PBXGroup;
			children = (
				2D9454901F09186B0091BD6B /* AsyncTimer.xcodeproj */,
				2D9454A51F0918890091BD6B /* Example iOS */,
				2D9454A41F0918890091BD6B /* Products */,
			);
			sourceTree = "<group>";
		};
		2D9454911F09186B0091BD6B /* Products */ = {
			isa = PBXGroup;
			children = (
				2D9454981F09186B0091BD6B /* AsyncTimer.framework */,
				2D94549A1F09186B0091BD6B /* AsyncTimer.framework */,
				2D94549C1F09186B0091BD6B /* AsyncTimer.framework */,
				2D94549E1F09186B0091BD6B /* AsyncTimer.framework */,
			);
			name = Products;
			sourceTree = "<group>";
		};
		2D9454A41F0918890091BD6B /* Products */ = {
			isa = PBXGroup;
			children = (
				2D9454A31F0918890091BD6B /* Example iOS.app */,
			);
			name = Products;
			sourceTree = "<group>";
		};
		2D9454A51F0918890091BD6B /* Example iOS */ = {
			isa = PBXGroup;
			children = (
				2D6728A21F3F27B0000B2BEE /* Controllers */,
				2D6728A51F3F27B0000B2BEE /* Storyboards */,
				2D9454A61F0918890091BD6B /* AppDelegate.swift */,
				2D9454AD1F0918890091BD6B /* Assets.xcassets */,
				2D9454B21F0918890091BD6B /* Info.plist */,
			);
			path = "Example iOS";
			sourceTree = "<group>";
		};
/* End PBXGroup section */

/* Begin PBXNativeTarget section */
		2D9454A21F0918890091BD6B /* Example iOS */ = {
			isa = PBXNativeTarget;
			buildConfigurationList = 2D9454B31F0918890091BD6B /* Build configuration list for PBXNativeTarget "Example iOS" */;
			buildPhases = (
				2D94549F1F0918890091BD6B /* Sources */,
				2D9454A01F0918890091BD6B /* Frameworks */,
				2D9454A11F0918890091BD6B /* Resources */,
			);
			buildRules = (
			);
			dependencies = (
				2D9454B71F091D4C0091BD6B /* PBXTargetDependency */,
			);
			name = "Example iOS";
			productName = "Example iOS";
			productReference = 2D9454A31F0918890091BD6B /* Example iOS.app */;
			productType = "com.apple.product-type.application";
		};
/* End PBXNativeTarget section */

/* Begin PBXProject section */
		2D94548A1F09185D0091BD6B /* Project object */ = {
			isa = PBXProject;
			attributes = {
				LastSwiftUpdateCheck = 0830;
				LastUpgradeCheck = 0830;
				TargetAttributes = {
					2D9454A21F0918890091BD6B = {
						CreatedOnToolsVersion = 8.3.3;
						ProvisioningStyle = Automatic;
					};
				};
			};
			buildConfigurationList = 2D94548D1F09185D0091BD6B /* Build configuration list for PBXProject "Example" */;
			compatibilityVersion = "Xcode 3.2";
			developmentRegion = English;
			hasScannedForEncodings = 0;
			knownRegions = (
				en,
				Base,
			);
			mainGroup = 2D9454891F09185D0091BD6B;
			productRefGroup = 2D9454A41F0918890091BD6B /* Products */;
			projectDirPath = "";
			projectReferences = (
				{
					ProductGroup = 2D9454911F09186B0091BD6B /* Products */;
					ProjectRef = 2D9454901F09186B0091BD6B /* AsyncTimer.xcodeproj */;
				},
			);
			projectRoot = "";
			targets = (
				2D9454A21F0918890091BD6B /* Example iOS */,
			);
		};
/* End PBXProject section */

/* Begin PBXReferenceProxy section */
		2D9454981F09186B0091BD6B /* AsyncTimer.framework */ = {
			isa = PBXReferenceProxy;
			fileType = wrapper.framework;
			path = AsyncTimer.framework;
			remoteRef = 2D9454971F09186B0091BD6B /* PBXContainerItemProxy */;
			sourceTree = BUILT_PRODUCTS_DIR;
		};
		2D94549A1F09186B0091BD6B /* AsyncTimer.framework */ = {
			isa = PBXReferenceProxy;
			fileType = wrapper.framework;
			path = AsyncTimer.framework;
			remoteRef = 2D9454991F09186B0091BD6B /* PBXContainerItemProxy */;
			sourceTree = BUILT_PRODUCTS_DIR;
		};
		2D94549C1F09186B0091BD6B /* AsyncTimer.framework */ = {
			isa = PBXReferenceProxy;
			fileType = wrapper.framework;
			path = AsyncTimer.framework;
			remoteRef = 2D94549B1F09186B0091BD6B /* PBXContainerItemProxy */;
			sourceTree = BUILT_PRODUCTS_DIR;
		};
		2D94549E1F09186B0091BD6B /* AsyncTimer.framework */ = {
			isa = PBXReferenceProxy;
			fileType = wrapper.framework;
			path = AsyncTimer.framework;
			remoteRef = 2D94549D1F09186B0091BD6B /* PBXContainerItemProxy */;
			sourceTree = BUILT_PRODUCTS_DIR;
		};
/* End PBXReferenceProxy section */

/* Begin PBXResourcesBuildPhase section */
		2D9454A11F0918890091BD6B /* Resources */ = {
			isa = PBXResourcesBuildPhase;
			buildActionMask = 2147483647;
			files = (
				2D6728AB1F3F27B0000B2BEE /* Main.storyboard in Resources */,
				2D9454AE1F0918890091BD6B /* Assets.xcassets in Resources */,
				2D6728AA1F3F27B0000B2BEE /* LaunchScreen.storyboard in Resources */,
			);
			runOnlyForDeploymentPostprocessing = 0;
		};
/* End PBXResourcesBuildPhase section */

/* Begin PBXSourcesBuildPhase section */
		2D94549F1F0918890091BD6B /* Sources */ = {
			isa = PBXSourcesBuildPhase;
			buildActionMask = 2147483647;
			files = (
				2D6728A81F3F27B0000B2BEE /* CountdownTimerViewController.swift in Sources */,
				2D6728C81F3F40FC000B2BEE /* PeriodicTimerViewController.swift in Sources */,
				2D9454A71F0918890091BD6B /* AppDelegate.swift in Sources */,
				2D6728AD1F3F3753000B2BEE /* ScheduledTimerViewController.swift in Sources */,
			);
			runOnlyForDeploymentPostprocessing = 0;
		};
/* End PBXSourcesBuildPhase section */

/* Begin PBXTargetDependency section */
		2D9454B71F091D4C0091BD6B /* PBXTargetDependency */ = {
			isa = PBXTargetDependency;
			name = "AsyncTimer iOS";
			targetProxy = 2D9454B61F091D4C0091BD6B /* PBXContainerItemProxy */;
		};
/* End PBXTargetDependency section */

/* Begin XCBuildConfiguration section */
		2D94548E1F09185D0091BD6B /* Debug */ = {
			isa = XCBuildConfiguration;
			buildSettings = {
			};
			name = Debug;
		};
		2D94548F1F09185D0091BD6B /* Release */ = {
			isa = XCBuildConfiguration;
			buildSettings = {
			};
			name = Release;
		};
		2D9454B41F0918890091BD6B /* Debug */ = {
			isa = XCBuildConfiguration;
			buildSettings = {
				ALWAYS_SEARCH_USER_PATHS = NO;
				ASSETCATALOG_COMPILER_APPICON_NAME = AppIcon;
				CLANG_ANALYZER_NONNULL = YES;
				CLANG_ANALYZER_NUMBER_OBJECT_CONVERSION = YES_AGGRESSIVE;
				CLANG_CXX_LANGUAGE_STANDARD = "gnu++0x";
				CLANG_CXX_LIBRARY = "libc++";
				CLANG_ENABLE_MODULES = YES;
				CLANG_ENABLE_OBJC_ARC = YES;
				CLANG_WARN_BOOL_CONVERSION = YES;
				CLANG_WARN_CONSTANT_CONVERSION = YES;
				CLANG_WARN_DIRECT_OBJC_ISA_USAGE = YES_ERROR;
				CLANG_WARN_DOCUMENTATION_COMMENTS = YES;
				CLANG_WARN_EMPTY_BODY = YES;
				CLANG_WARN_ENUM_CONVERSION = YES;
				CLANG_WARN_INFINITE_RECURSION = YES;
				CLANG_WARN_INT_CONVERSION = YES;
				CLANG_WARN_OBJC_ROOT_CLASS = YES_ERROR;
				CLANG_WARN_SUSPICIOUS_MOVE = YES;
				CLANG_WARN_UNREACHABLE_CODE = YES;
				CLANG_WARN__DUPLICATE_METHOD_MATCH = YES;
				"CODE_SIGN_IDENTITY[sdk=iphoneos*]" = "iPhone Developer";
				COPY_PHASE_STRIP = NO;
				DEBUG_INFORMATION_FORMAT = dwarf;
				ENABLE_STRICT_OBJC_MSGSEND = YES;
				ENABLE_TESTABILITY = YES;
				GCC_C_LANGUAGE_STANDARD = gnu99;
				GCC_DYNAMIC_NO_PIC = NO;
				GCC_NO_COMMON_BLOCKS = YES;
				GCC_OPTIMIZATION_LEVEL = 0;
				GCC_PREPROCESSOR_DEFINITIONS = (
					"DEBUG=1",
					"$(inherited)",
				);
				GCC_WARN_64_TO_32_BIT_CONVERSION = YES;
				GCC_WARN_ABOUT_RETURN_TYPE = YES_ERROR;
				GCC_WARN_UNDECLARED_SELECTOR = YES;
				GCC_WARN_UNINITIALIZED_AUTOS = YES_AGGRESSIVE;
				GCC_WARN_UNUSED_FUNCTION = YES;
				GCC_WARN_UNUSED_VARIABLE = YES;
				INFOPLIST_FILE = "Example iOS/Info.plist";
				IPHONEOS_DEPLOYMENT_TARGET = 10.3;
				LD_RUNPATH_SEARCH_PATHS = "$(inherited) @executable_path/Frameworks";
				MTL_ENABLE_DEBUG_INFO = YES;
				ONLY_ACTIVE_ARCH = YES;
				PRODUCT_BUNDLE_IDENTIFIER = "CodingLifestyle.Example-iOS";
				PRODUCT_NAME = "$(TARGET_NAME)";
				SDKROOT = iphoneos;
				SWIFT_ACTIVE_COMPILATION_CONDITIONS = DEBUG;
				SWIFT_OPTIMIZATION_LEVEL = "-Onone";
				SWIFT_VERSION = 3.0;
				TARGETED_DEVICE_FAMILY = "1,2";
			};
			name = Debug;
		};
		2D9454B51F0918890091BD6B /* Release */ = {
			isa = XCBuildConfiguration;
			buildSettings = {
				ALWAYS_SEARCH_USER_PATHS = NO;
				ASSETCATALOG_COMPILER_APPICON_NAME = AppIcon;
				CLANG_ANALYZER_NONNULL = YES;
				CLANG_ANALYZER_NUMBER_OBJECT_CONVERSION = YES_AGGRESSIVE;
				CLANG_CXX_LANGUAGE_STANDARD = "gnu++0x";
				CLANG_CXX_LIBRARY = "libc++";
				CLANG_ENABLE_MODULES = YES;
				CLANG_ENABLE_OBJC_ARC = YES;
				CLANG_WARN_BOOL_CONVERSION = YES;
				CLANG_WARN_CONSTANT_CONVERSION = YES;
				CLANG_WARN_DIRECT_OBJC_ISA_USAGE = YES_ERROR;
				CLANG_WARN_DOCUMENTATION_COMMENTS = YES;
				CLANG_WARN_EMPTY_BODY = YES;
				CLANG_WARN_ENUM_CONVERSION = YES;
				CLANG_WARN_INFINITE_RECURSION = YES;
				CLANG_WARN_INT_CONVERSION = YES;
				CLANG_WARN_OBJC_ROOT_CLASS = YES_ERROR;
				CLANG_WARN_SUSPICIOUS_MOVE = YES;
				CLANG_WARN_UNREACHABLE_CODE = YES;
				CLANG_WARN__DUPLICATE_METHOD_MATCH = YES;
				"CODE_SIGN_IDENTITY[sdk=iphoneos*]" = "iPhone Developer";
				COPY_PHASE_STRIP = NO;
				DEBUG_INFORMATION_FORMAT = "dwarf-with-dsym";
				ENABLE_NS_ASSERTIONS = NO;
				ENABLE_STRICT_OBJC_MSGSEND = YES;
				GCC_C_LANGUAGE_STANDARD = gnu99;
				GCC_NO_COMMON_BLOCKS = YES;
				GCC_WARN_64_TO_32_BIT_CONVERSION = YES;
				GCC_WARN_ABOUT_RETURN_TYPE = YES_ERROR;
				GCC_WARN_UNDECLARED_SELECTOR = YES;
				GCC_WARN_UNINITIALIZED_AUTOS = YES_AGGRESSIVE;
				GCC_WARN_UNUSED_FUNCTION = YES;
				GCC_WARN_UNUSED_VARIABLE = YES;
				INFOPLIST_FILE = "Example iOS/Info.plist";
				IPHONEOS_DEPLOYMENT_TARGET = 10.3;
				LD_RUNPATH_SEARCH_PATHS = "$(inherited) @executable_path/Frameworks";
				MTL_ENABLE_DEBUG_INFO = NO;
				PRODUCT_BUNDLE_IDENTIFIER = "CodingLifestyle.Example-iOS";
				PRODUCT_NAME = "$(TARGET_NAME)";
				SDKROOT = iphoneos;
				SWIFT_OPTIMIZATION_LEVEL = "-Owholemodule";
				SWIFT_VERSION = 3.0;
				TARGETED_DEVICE_FAMILY = "1,2";
				VALIDATE_PRODUCT = YES;
			};
			name = Release;
		};
/* End XCBuildConfiguration section */

/* Begin XCConfigurationList section */
		2D94548D1F09185D0091BD6B /* Build configuration list for PBXProject "Example" */ = {
			isa = XCConfigurationList;
			buildConfigurations = (
				2D94548E1F09185D0091BD6B /* Debug */,
				2D94548F1F09185D0091BD6B /* Release */,
			);
			defaultConfigurationIsVisible = 0;
			defaultConfigurationName = Release;
		};
		2D9454B31F0918890091BD6B /* Build configuration list for PBXNativeTarget "Example iOS" */ = {
			isa = XCConfigurationList;
			buildConfigurations = (
				2D9454B41F0918890091BD6B /* Debug */,
				2D9454B51F0918890091BD6B /* Release */,
			);
			defaultConfigurationIsVisible = 0;
			defaultConfigurationName = Release;
		};
/* End XCConfigurationList section */
	};
	rootObject = 2D94548A1F09185D0091BD6B /* Project object */;
}
